// !$*UTF8*$!
{
	archiveVersion = 1;
	classes = {
	};
	objectVersion = 50;
	objects = {

/* Begin PBXBuildFile section */
		A0BC6303243B087F00DD63FC /* AppDelegate.swift in Sources */ = {isa = PBXBuildFile; fileRef = A0BC6302243B087F00DD63FC /* AppDelegate.swift */; };
		A0BC6305243B087F00DD63FC /* art.scnassets in Resources */ = {isa = PBXBuildFile; fileRef = A0BC6304243B087F00DD63FC /* art.scnassets */; };
		A0BC6307243B087F00DD63FC /* ViewController.swift in Sources */ = {isa = PBXBuildFile; fileRef = A0BC6306243B087F00DD63FC /* ViewController.swift */; };
		A0BC630A243B087F00DD63FC /* Main.storyboard in Resources */ = {isa = PBXBuildFile; fileRef = A0BC6308243B087F00DD63FC /* Main.storyboard */; };
		A0BC630C243B088500DD63FC /* Assets.xcassets in Resources */ = {isa = PBXBuildFile; fileRef = A0BC630B243B088500DD63FC /* Assets.xcassets */; };
		A0BC630F243B088500DD63FC /* LaunchScreen.storyboard in Resources */ = {isa = PBXBuildFile; fileRef = A0BC630D243B088500DD63FC /* LaunchScreen.storyboard */; };
/* End PBXBuildFile section */

/* Begin PBXFileReference section */
		A0BC62FF243B087F00DD63FC /* ARKitPlaneDetection.app */ = {isa = PBXFileReference; explicitFileType = wrapper.application; includeInIndex = 0; path = ARKitPlaneDetection.app; sourceTree = BUILT_PRODUCTS_DIR; };
		A0BC6302243B087F00DD63FC /* AppDelegate.swift */ = {isa = PBXFileReference; lastKnownFileType = sourcecode.swift; path = AppDelegate.swift; sourceTree = "<group>"; };
		A0BC6304243B087F00DD63FC /* art.scnassets */ = {isa = PBXFileReference; lastKnownFileType = wrapper.scnassets; path = art.scnassets; sourceTree = "<group>"; };
		A0BC6306243B087F00DD63FC /* ViewController.swift */ = {isa = PBXFileReference; lastKnownFileType = sourcecode.swift; path = ViewController.swift; sourceTree = "<group>"; };
		A0BC6309243B087F00DD63FC /* Base */ = {isa = PBXFileReference; lastKnownFileType = file.storyboard; name = Base; path = Base.lproj/Main.storyboard; sourceTree = "<group>"; };
		A0BC630B243B088500DD63FC /* Assets.xcassets */ = {isa = PBXFileReference; lastKnownFileType = folder.assetcatalog; path = Assets.xcassets; sourceTree = "<group>"; };
		A0BC630E243B088500DD63FC /* Base */ = {isa = PBXFileReference; lastKnownFileType = file.storyboard; name = Base; path = Base.lproj/LaunchScreen.storyboard; sourceTree = "<group>"; };
		A0BC6310243B088500DD63FC /* Info.plist */ = {isa = PBXFileReference; lastKnownFileType = text.plist.xml; path = Info.plist; sourceTree = "<group>"; };
/* End PBXFileReference section */

/* Begin PBXFrameworksBuildPhase section */
		A0BC62FC243B087F00DD63FC /* Frameworks */ = {
			isa = PBXFrameworksBuildPhase;
			buildActionMask = 2147483647;
			files = (
			);
			runOnlyForDeploymentPostprocessing = 0;
		};
/* End PBXFrameworksBuildPhase section */

/* Begin PBXGroup section */
		A0BC62F6243B087F00DD63FC = {
			isa = PBXGroup;
			children = (
				A0BC6301243B087F00DD63FC /* ARKitPlaneDetection */,
				A0BC6300243B087F00DD63FC /* Products */,
			);
			sourceTree = "<group>";
		};
		A0BC6300243B087F00DD63FC /* Products */ = {
			isa = PBXGroup;
			children = (
				A0BC62FF243B087F00DD63FC /* ARKitPlaneDetection.app */,
			);
			name = Products;
			sourceTree = "<group>";
		};
		A0BC6301243B087F00DD63FC /* ARKitPlaneDetection */ = {
			isa = PBXGroup;
			children = (
				A0BC6302243B087F00DD63FC /* AppDelegate.swift */,
				A0BC6304243B087F00DD63FC /* art.scnassets */,
				A0BC6306243B087F00DD63FC /* ViewController.swift */,
				A0BC6308243B087F00DD63FC /* Main.storyboard */,
				A0BC630B243B088500DD63FC /* Assets.xcassets */,
				A0BC630D243B088500DD63FC /* LaunchScreen.storyboard */,
				A0BC6310243B088500DD63FC /* Info.plist */,
			);
			path = ARKitPlaneDetection;
			sourceTree = "<group>";
		};
/* End PBXGroup section */

/* Begin PBXNativeTarget section */
		A0BC62FE243B087F00DD63FC /* ARKitPlaneDetection */ = {
			isa = PBXNativeTarget;
			buildConfigurationList = A0BC6313243B088500DD63FC /* Build configuration list for PBXNativeTarget "ARKitPlaneDetection" */;
			buildPhases = (
				A0BC62FB243B087F00DD63FC /* Sources */,
				A0BC62FC243B087F00DD63FC /* Frameworks */,
				A0BC62FD243B087F00DD63FC /* Resources */,
			);
			buildRules = (
			);
			dependencies = (
			);
			name = ARKitPlaneDetection;
			productName = ARKitPlaneDetection;
			productReference = A0BC62FF243B087F00DD63FC /* ARKitPlaneDetection.app */;
			productType = "com.apple.product-type.application";
		};
/* End PBXNativeTarget section */

/* Begin PBXProject section */
		A0BC62F7243B087F00DD63FC /* Project object */ = {
			isa = PBXProject;
			attributes = {
				LastSwiftUpdateCheck = 1110;
				LastUpgradeCheck = 1110;
				ORGANIZATIONNAME = "Pranav Arjun";
				TargetAttributes = {
					A0BC62FE243B087F00DD63FC = {
						CreatedOnToolsVersion = 11.1;
					};
				};
			};
			buildConfigurationList = A0BC62FA243B087F00DD63FC /* Build configuration list for PBXProject "ARKitPlaneDetection" */;
			compatibilityVersion = "Xcode 9.3";
			developmentRegion = en;
			hasScannedForEncodings = 0;
			knownRegions = (
				en,
				Base,
			);
			mainGroup = A0BC62F6243B087F00DD63FC;
			productRefGroup = A0BC6300243B087F00DD63FC /* Products */;
			projectDirPath = "";
			projectRoot = "";
			targets = (
				A0BC62FE243B087F00DD63FC /* ARKitPlaneDetection */,
			);
		};
/* End PBXProject section */

/* Begin PBXResourcesBuildPhase section */
		A0BC62FD243B087F00DD63FC /* Resources */ = {
			isa = PBXResourcesBuildPhase;
			buildActionMask = 2147483647;
			files = (
				A0BC6305243B087F00DD63FC /* art.scnassets in Resources */,
				A0BC630F243B088500DD63FC /* LaunchScreen.storyboard in Resources */,
				A0BC630C243B088500DD63FC /* Assets.xcassets in Resources */,
				A0BC630A243B087F00DD63FC /* Main.storyboard in Resources */,
			);
			runOnlyForDeploymentPostprocessing = 0;
		};
/* End PBXResourcesBuildPhase section */

/* Begin PBXSourcesBuildPhase section */
		A0BC62FB243B087F00DD63FC /* Sources */ = {
			isa = PBXSourcesBuildPhase;
			buildActionMask = 2147483647;
			files = (
				A0BC6307243B087F00DD63FC /* ViewController.swift in Sources */,
				A0BC6303243B087F00DD63FC /* AppDelegate.swift in Sources */,
			);
			runOnlyForDeploymentPostprocessing = 0;
		};
/* End PBXSourcesBuildPhase section */

/* Begin PBXVariantGroup section */
		A0BC6308243B087F00DD63FC /* Main.storyboard */ = {
			isa = PBXVariantGroup;
			children = (
				A0BC6309243B087F00DD63FC /* Base */,
			);
			name = Main.storyboard;
			sourceTree = "<group>";
		};
		A0BC630D243B088500DD63FC /* LaunchScreen.storyboard */ = {
			isa = PBXVariantGroup;
			children = (
				A0BC630E243B088500DD63FC /* Base */,
			);
			name = LaunchScreen.storyboard;
			sourceTree = "<group>";
		};
/* End PBXVariantGroup section */

/* Begin XCBuildConfiguration section */
		A0BC6311243B088500DD63FC /* Debug */ = {
			isa = XCBuildConfiguration;
			buildSettings = {
				ALWAYS_SEARCH_USER_PATHS = NO;
				CLANG_ANALYZER_NONNULL = YES;
				CLANG_ANALYZER_NUMBER_OBJECT_CONVERSION = YES_AGGRESSIVE;
				CLANG_CXX_LANGUAGE_STANDARD = "gnu++14";
				CLANG_CXX_LIBRARY = "libc++";
				CLANG_ENABLE_MODULES = YES;
				CLANG_ENABLE_OBJC_ARC = YES;
				CLANG_ENABLE_OBJC_WEAK = YES;
				CLANG_WARN_BLOCK_CAPTURE_AUTORELEASING = YES;
				CLANG_WARN_BOOL_CONVERSION = YES;
				CLANG_WARN_COMMA = YES;
				CLANG_WARN_CONSTANT_CONVERSION = YES;
				CLANG_WARN_DEPRECATED_OBJC_IMPLEMENTATIONS = YES;
				CLANG_WARN_DIRECT_OBJC_ISA_USAGE = YES_ERROR;
				CLANG_WARN_DOCUMENTATION_COMMENTS = YES;
				CLANG_WARN_EMPTY_BODY = YES;
				CLANG_WARN_ENUM_CONVERSION = YES;
				CLANG_WARN_INFINITE_RECURSION = YES;
				CLANG_WARN_INT_CONVERSION = YES;
				CLANG_WARN_NON_LITERAL_NULL_CONVERSION = YES;
				CLANG_WARN_OBJC_IMPLICIT_RETAIN_SELF = YES;
				CLANG_WARN_OBJC_LITERAL_CONVERSION = YES;
				CLANG_WARN_OBJC_ROOT_CLASS = YES_ERROR;
				CLANG_WARN_RANGE_LOOP_ANALYSIS = YES;
				CLANG_WARN_STRICT_PROTOTYPES = YES;
				CLANG_WARN_SUSPICIOUS_MOVE = YES;
				CLANG_WARN_UNGUARDED_AVAILABILITY = YES_AGGRESSIVE;
				CLANG_WARN_UNREACHABLE_CODE = YES;
				CLANG_WARN__DUPLICATE_METHOD_MATCH = YES;
				COPY_PHASE_STRIP = NO;
				DEBUG_INFORMATION_FORMAT = dwarf;
				ENABLE_STRICT_OBJC_MSGSEND = YES;
				ENABLE_TESTABILITY = YES;
				GCC_C_LANGUAGE_STANDARD = gnu11;
				GCC_DYNAMIC_NO_PIC = NO;
				GCC_NO_COMMON_BLOCKS = YES;
				GCC_OPTIMIZATION_LEVEL = 0;
				GCC_PREPROCESSOR_DEFINITIONS = (
					"DEBUG=1",
					"$(inherited)",
				);
				GCC_WARN_64_TO_32_BIT_CONVERSION = YES;
				GCC_WARN_ABOUT_RETURN_TYPE = YES_ERROR;
				GCC_WARN_UNDECLARED_SELECTOR = YES;
				GCC_WARN_UNINITIALIZED_AUTOS = YES_AGGRESSIVE;
				GCC_WARN_UNUSED_FUNCTION = YES;
				GCC_WARN_UNUSED_VARIABLE = YES;
				IPHONEOS_DEPLOYMENT_TARGET = 13.1;
				MTL_ENABLE_DEBUG_INFO = INCLUDE_SOURCE;
				MTL_FAST_MATH = YES;
				ONLY_ACTIVE_ARCH = YES;
				SDKROOT = iphoneos;
				SWIFT_ACTIVE_COMPILATION_CONDITIONS = DEBUG;
				SWIFT_OPTIMIZATION_LEVEL = "-Onone";
			};
			name = Debug;
		};
		A0BC6312243B088500DD63FC /* Release */ = {
			isa = XCBuildConfiguration;
			buildSettings = {
				ALWAYS_SEARCH_USER_PATHS = NO;
				CLANG_ANALYZER_NONNULL = YES;
				CLANG_ANALYZER_NUMBER_OBJECT_CONVERSION = YES_AGGRESSIVE;
				CLANG_CXX_LANGUAGE_STANDARD = "gnu++14";
				CLANG_CXX_LIBRARY = "libc++";
				CLANG_ENABLE_MODULES = YES;
				CLANG_ENABLE_OBJC_ARC = YES;
				CLANG_ENABLE_OBJC_WEAK = YES;
				CLANG_WARN_BLOCK_CAPTURE_AUTORELEASING = YES;
				CLANG_WARN_BOOL_CONVERSION = YES;
				CLANG_WARN_COMMA = YES;
				CLANG_WARN_CONSTANT_CONVERSION = YES;
				CLANG_WARN_DEPRECATED_OBJC_IMPLEMENTATIONS = YES;
				CLANG_WARN_DIRECT_OBJC_ISA_USAGE = YES_ERROR;
				CLANG_WARN_DOCUMENTATION_COMMENTS = YES;
				CLANG_WARN_EMPTY_BODY = YES;
				CLANG_WARN_ENUM_CONVERSION = YES;
				CLANG_WARN_INFINITE_RECURSION = YES;
				CLANG_WARN_INT_CONVERSION = YES;
				CLANG_WARN_NON_LITERAL_NULL_CONVERSION = YES;
				CLANG_WARN_OBJC_IMPLICIT_RETAIN_SELF = YES;
				CLANG_WARN_OBJC_LITERAL_CONVERSION = YES;
				CLANG_WARN_OBJC_ROOT_CLASS = YES_ERROR;
				CLANG_WARN_RANGE_LOOP_ANALYSIS = YES;
				CLANG_WARN_STRICT_PROTOTYPES = YES;
				CLANG_WARN_SUSPICIOUS_MOVE = YES;
				CLANG_WARN_UNGUARDED_AVAILABILITY = YES_AGGRESSIVE;
				CLANG_WARN_UNREACHABLE_CODE = YES;
				CLANG_WARN__DUPLICATE_METHOD_MATCH = YES;
				COPY_PHASE_STRIP = NO;
				DEBUG_INFORMATION_FORMAT = "dwarf-with-dsym";
				ENABLE_NS_ASSERTIONS = NO;
				ENABLE_STRICT_OBJC_MSGSEND = YES;
				GCC_C_LANGUAGE_STANDARD = gnu11;
				GCC_NO_COMMON_BLOCKS = YES;
				GCC_WARN_64_TO_32_BIT_CONVERSION = YES;
				GCC_WARN_ABOUT_RETURN_TYPE = YES_ERROR;
				GCC_WARN_UNDECLARED_SELECTOR = YES;
				GCC_WARN_UNINITIALIZED_AUTOS = YES_AGGRESSIVE;
				GCC_WARN_UNUSED_FUNCTION = YES;
				GCC_WARN_UNUSED_VARIABLE = YES;
				IPHONEOS_DEPLOYMENT_TARGET = 13.1;
				MTL_ENABLE_DEBUG_INFO = NO;
				MTL_FAST_MATH = YES;
				SDKROOT = iphoneos;
				SWIFT_COMPILATION_MODE = wholemodule;
				SWIFT_OPTIMIZATION_LEVEL = "-O";
				VALIDATE_PRODUCT = YES;
			};
			name = Release;
		};
		A0BC6314243B088500DD63FC /* Debug */ = {
			isa = XCBuildConfiguration;
			buildSettings = {
				ASSETCATALOG_COMPILER_APPICON_NAME = AppIcon;
				CODE_SIGN_STYLE = Automatic;
				INFOPLIST_FILE = ARKitPlaneDetection/Info.plist;
				LD_RUNPATH_SEARCH_PATHS = (
					"$(inherited)",
					"@executable_path/Frameworks",
				);
				PRODUCT_BUNDLE_IDENTIFIER = com.pranav.arjun.ARKitPlaneDetection;
				PRODUCT_NAME = "$(TARGET_NAME)";
				SWIFT_VERSION = 5.0;
				TARGETED_DEVICE_FAMILY = "1,2";
			};
			name = Debug;
		};
		A0BC6315243B088500DD63FC /* Release */ = {
			isa = XCBuildConfiguration;
			buildSettings = {
				ASSETCATALOG_COMPILER_APPICON_NAME = AppIcon;
				CODE_SIGN_STYLE = Automatic;
				INFOPLIST_FILE = ARKitPlaneDetection/Info.plist;
				LD_RUNPATH_SEARCH_PATHS = (
					"$(inherited)",
					"@executable_path/Frameworks",
				);
				PRODUCT_BUNDLE_IDENTIFIER = com.pranav.arjun.ARKitPlaneDetection;
				PRODUCT_NAME = "$(TARGET_NAME)";
				SWIFT_VERSION = 5.0;
				TARGETED_DEVICE_FAMILY = "1,2";
			};
			name = Release;
		};
/* End XCBuildConfiguration section */

/* Begin XCConfigurationList section */
		A0BC62FA243B087F00DD63FC /* Build configuration list for PBXProject "ARKitPlaneDetection" */ = {
			isa = XCConfigurationList;
			buildConfigurations = (
				A0BC6311243B088500DD63FC /* Debug */,
				A0BC6312243B088500DD63FC /* Release */,
			);
			defaultConfigurationIsVisible = 0;
			defaultConfigurationName = Release;
		};
		A0BC6313243B088500DD63FC /* Build configuration list for PBXNativeTarget "ARKitPlaneDetection" */ = {
			isa = XCConfigurationList;
			buildConfigurations = (
				A0BC6314243B088500DD63FC /* Debug */,
				A0BC6315243B088500DD63FC /* Release */,
			);
			defaultConfigurationIsVisible = 0;
			defaultConfigurationName = Release;
		};
/* End XCConfigurationList section */
	};
	rootObject = A0BC62F7243B087F00DD63FC /* Project object */;
}
