// !$*UTF8*$!
{
	archiveVersion = 1;
	classes = {
	};
	objectVersion = 50;
	objects = {

/* Begin PBXBuildFile section */
		EDA968EF21C1A5D800929294 /* AppDelegate.swift in Sources */ = {isa = PBXBuildFile; fileRef = EDA968EE21C1A5D800929294 /* AppDelegate.swift */; };
		EDA968F121C1A5D800929294 /* ViewController.swift in Sources */ = {isa = PBXBuildFile; fileRef = EDA968F021C1A5D800929294 /* ViewController.swift */; };
		EDA968F421C1A5D800929294 /* Main.storyboard in Resources */ = {isa = PBXBuildFile; fileRef = EDA968F221C1A5D800929294 /* Main.storyboard */; };
		EDA968F621C1A5D900929294 /* Assets.xcassets in Resources */ = {isa = PBXBuildFile; fileRef = EDA968F521C1A5D900929294 /* Assets.xcassets */; };
		EDA968F921C1A5D900929294 /* LaunchScreen.storyboard in Resources */ = {isa = PBXBuildFile; fileRef = EDA968F721C1A5D900929294 /* LaunchScreen.storyboard */; };
		EDA9690321C1A85D00929294 /* NameTextField.swift in Sources */ = {isa = PBXBuildFile; fileRef = EDA9690221C1A85D00929294 /* NameTextField.swift */; };
		EDA9690521C1A8E500929294 /* Constants.swift in Sources */ = {isa = PBXBuildFile; fileRef = EDA9690421C1A8E500929294 /* Constants.swift */; };
		EDA9690721C1B82400929294 /* SAButton.swift in Sources */ = {isa = PBXBuildFile; fileRef = EDA9690621C1B82400929294 /* SAButton.swift */; };
/* End PBXBuildFile section */

/* Begin PBXFileReference section */
		EDA968EB21C1A5D800929294 /* BasicUserDefaults.app */ = {isa = PBXFileReference; explicitFileType = wrapper.application; includeInIndex = 0; path = BasicUserDefaults.app; sourceTree = BUILT_PRODUCTS_DIR; };
		EDA968EE21C1A5D800929294 /* AppDelegate.swift */ = {isa = PBXFileReference; lastKnownFileType = sourcecode.swift; path = AppDelegate.swift; sourceTree = "<group>"; };
		EDA968F021C1A5D800929294 /* ViewController.swift */ = {isa = PBXFileReference; lastKnownFileType = sourcecode.swift; path = ViewController.swift; sourceTree = "<group>"; };
		EDA968F321C1A5D800929294 /* Base */ = {isa = PBXFileReference; lastKnownFileType = file.storyboard; name = Base; path = Base.lproj/Main.storyboard; sourceTree = "<group>"; };
		EDA968F521C1A5D900929294 /* Assets.xcassets */ = {isa = PBXFileReference; lastKnownFileType = folder.assetcatalog; path = Assets.xcassets; sourceTree = "<group>"; };
		EDA968F821C1A5D900929294 /* Base */ = {isa = PBXFileReference; lastKnownFileType = file.storyboard; name = Base; path = Base.lproj/LaunchScreen.storyboard; sourceTree = "<group>"; };
		EDA968FA21C1A5D900929294 /* Info.plist */ = {isa = PBXFileReference; lastKnownFileType = text.plist.xml; path = Info.plist; sourceTree = "<group>"; };
		EDA9690221C1A85D00929294 /* NameTextField.swift */ = {isa = PBXFileReference; lastKnownFileType = sourcecode.swift; path = NameTextField.swift; sourceTree = "<group>"; };
		EDA9690421C1A8E500929294 /* Constants.swift */ = {isa = PBXFileReference; lastKnownFileType = sourcecode.swift; path = Constants.swift; sourceTree = "<group>"; };
		EDA9690621C1B82400929294 /* SAButton.swift */ = {isa = PBXFileReference; lastKnownFileType = sourcecode.swift; path = SAButton.swift; sourceTree = "<group>"; };
/* End PBXFileReference section */

/* Begin PBXFrameworksBuildPhase section */
		EDA968E821C1A5D800929294 /* Frameworks */ = {
			isa = PBXFrameworksBuildPhase;
			buildActionMask = 2147483647;
			files = (
			);
			runOnlyForDeploymentPostprocessing = 0;
		};
/* End PBXFrameworksBuildPhase section */

/* Begin PBXGroup section */
		EDA968E221C1A5D800929294 = {
			isa = PBXGroup;
			children = (
				EDA968ED21C1A5D800929294 /* BasicUserDefaults */,
				EDA968EC21C1A5D800929294 /* Products */,
			);
			sourceTree = "<group>";
		};
		EDA968EC21C1A5D800929294 /* Products */ = {
			isa = PBXGroup;
			children = (
				EDA968EB21C1A5D800929294 /* BasicUserDefaults.app */,
			);
			name = Products;
			sourceTree = "<group>";
		};
		EDA968ED21C1A5D800929294 /* BasicUserDefaults */ = {
			isa = PBXGroup;
			children = (
				EDA968F021C1A5D800929294 /* ViewController.swift */,
				EDA9690221C1A85D00929294 /* NameTextField.swift */,
				EDA9690621C1B82400929294 /* SAButton.swift */,
				EDA9690421C1A8E500929294 /* Constants.swift */,
				EDA968F221C1A5D800929294 /* Main.storyboard */,
				EDA968EE21C1A5D800929294 /* AppDelegate.swift */,
				EDA968F521C1A5D900929294 /* Assets.xcassets */,
				EDA968F721C1A5D900929294 /* LaunchScreen.storyboard */,
				EDA968FA21C1A5D900929294 /* Info.plist */,
			);
			path = BasicUserDefaults;
			sourceTree = "<group>";
		};
/* End PBXGroup section */

/* Begin PBXNativeTarget section */
		EDA968EA21C1A5D800929294 /* BasicUserDefaults */ = {
			isa = PBXNativeTarget;
			buildConfigurationList = EDA968FD21C1A5D900929294 /* Build configuration list for PBXNativeTarget "BasicUserDefaults" */;
			buildPhases = (
				EDA968E721C1A5D800929294 /* Sources */,
				EDA968E821C1A5D800929294 /* Frameworks */,
				EDA968E921C1A5D800929294 /* Resources */,
			);
			buildRules = (
			);
			dependencies = (
			);
			name = BasicUserDefaults;
			productName = BasicUserDefaults;
			productReference = EDA968EB21C1A5D800929294 /* BasicUserDefaults.app */;
			productType = "com.apple.product-type.application";
		};
/* End PBXNativeTarget section */

/* Begin PBXProject section */
		EDA968E321C1A5D800929294 /* Project object */ = {
			isa = PBXProject;
			attributes = {
				LastSwiftUpdateCheck = 1010;
				LastUpgradeCheck = 1010;
				ORGANIZATIONNAME = "Sean Allen";
				TargetAttributes = {
					EDA968EA21C1A5D800929294 = {
						CreatedOnToolsVersion = 10.1;
						LastSwiftMigration = 1100;
					};
				};
			};
			buildConfigurationList = EDA968E621C1A5D800929294 /* Build configuration list for PBXProject "BasicUserDefaults" */;
			compatibilityVersion = "Xcode 9.3";
			developmentRegion = en;
			hasScannedForEncodings = 0;
			knownRegions = (
				en,
				Base,
			);
			mainGroup = EDA968E221C1A5D800929294;
			productRefGroup = EDA968EC21C1A5D800929294 /* Products */;
			projectDirPath = "";
			projectRoot = "";
			targets = (
				EDA968EA21C1A5D800929294 /* BasicUserDefaults */,
			);
		};
/* End PBXProject section */

/* Begin PBXResourcesBuildPhase section */
		EDA968E921C1A5D800929294 /* Resources */ = {
			isa = PBXResourcesBuildPhase;
			buildActionMask = 2147483647;
			files = (
				EDA968F921C1A5D900929294 /* LaunchScreen.storyboard in Resources */,
				EDA968F621C1A5D900929294 /* Assets.xcassets in Resources */,
				EDA968F421C1A5D800929294 /* Main.storyboard in Resources */,
			);
			runOnlyForDeploymentPostprocessing = 0;
		};
/* End PBXResourcesBuildPhase section */

/* Begin PBXSourcesBuildPhase section */
		EDA968E721C1A5D800929294 /* Sources */ = {
			isa = PBXSourcesBuildPhase;
			buildActionMask = 2147483647;
			files = (
				EDA9690321C1A85D00929294 /* NameTextField.swift in Sources */,
				EDA968F121C1A5D800929294 /* ViewController.swift in Sources */,
				EDA968EF21C1A5D800929294 /* AppDelegate.swift in Sources */,
				EDA9690521C1A8E500929294 /* Constants.swift in Sources */,
				EDA9690721C1B82400929294 /* SAButton.swift in Sources */,
			);
			runOnlyForDeploymentPostprocessing = 0;
		};
/* End PBXSourcesBuildPhase section */

/* Begin PBXVariantGroup section */
		EDA968F221C1A5D800929294 /* Main.storyboard */ = {
			isa = PBXVariantGroup;
			children = (
				EDA968F321C1A5D800929294 /* Base */,
			);
			name = Main.storyboard;
			sourceTree = "<group>";
		};
		EDA968F721C1A5D900929294 /* LaunchScreen.storyboard */ = {
			isa = PBXVariantGroup;
			children = (
				EDA968F821C1A5D900929294 /* Base */,
			);
			name = LaunchScreen.storyboard;
			sourceTree = "<group>";
		};
/* End PBXVariantGroup section */

/* Begin XCBuildConfiguration section */
		EDA968FB21C1A5D900929294 /* Debug */ = {
			isa = XCBuildConfiguration;
			buildSettings = {
				ALWAYS_SEARCH_USER_PATHS = NO;
				CLANG_ANALYZER_NONNULL = YES;
				CLANG_ANALYZER_NUMBER_OBJECT_CONVERSION = YES_AGGRESSIVE;
				CLANG_CXX_LANGUAGE_STANDARD = "gnu++14";
				CLANG_CXX_LIBRARY = "libc++";
				CLANG_ENABLE_MODULES = YES;
				CLANG_ENABLE_OBJC_ARC = YES;
				CLANG_ENABLE_OBJC_WEAK = YES;
				CLANG_WARN_BLOCK_CAPTURE_AUTORELEASING = YES;
				CLANG_WARN_BOOL_CONVERSION = YES;
				CLANG_WARN_COMMA = YES;
				CLANG_WARN_CONSTANT_CONVERSION = YES;
				CLANG_WARN_DEPRECATED_OBJC_IMPLEMENTATIONS = YES;
				CLANG_WARN_DIRECT_OBJC_ISA_USAGE = YES_ERROR;
				CLANG_WARN_DOCUMENTATION_COMMENTS = YES;
				CLANG_WARN_EMPTY_BODY = YES;
				CLANG_WARN_ENUM_CONVERSION = YES;
				CLANG_WARN_INFINITE_RECURSION = YES;
				CLANG_WARN_INT_CONVERSION = YES;
				CLANG_WARN_NON_LITERAL_NULL_CONVERSION = YES;
				CLANG_WARN_OBJC_IMPLICIT_RETAIN_SELF = YES;
				CLANG_WARN_OBJC_LITERAL_CONVERSION = YES;
				CLANG_WARN_OBJC_ROOT_CLASS = YES_ERROR;
				CLANG_WARN_RANGE_LOOP_ANALYSIS = YES;
				CLANG_WARN_STRICT_PROTOTYPES = YES;
				CLANG_WARN_SUSPICIOUS_MOVE = YES;
				CLANG_WARN_UNGUARDED_AVAILABILITY = YES_AGGRESSIVE;
				CLANG_WARN_UNREACHABLE_CODE = YES;
				CLANG_WARN__DUPLICATE_METHOD_MATCH = YES;
				CODE_SIGN_IDENTITY = "iPhone Developer";
				COPY_PHASE_STRIP = NO;
				DEBUG_INFORMATION_FORMAT = dwarf;
				ENABLE_STRICT_OBJC_MSGSEND = YES;
				ENABLE_TESTABILITY = YES;
				GCC_C_LANGUAGE_STANDARD = gnu11;
				GCC_DYNAMIC_NO_PIC = NO;
				GCC_NO_COMMON_BLOCKS = YES;
				GCC_OPTIMIZATION_LEVEL = 0;
				GCC_PREPROCESSOR_DEFINITIONS = (
					"DEBUG=1",
					"$(inherited)",
				);
				GCC_WARN_64_TO_32_BIT_CONVERSION = YES;
				GCC_WARN_ABOUT_RETURN_TYPE = YES_ERROR;
				GCC_WARN_UNDECLARED_SELECTOR = YES;
				GCC_WARN_UNINITIALIZED_AUTOS = YES_AGGRESSIVE;
				GCC_WARN_UNUSED_FUNCTION = YES;
				GCC_WARN_UNUSED_VARIABLE = YES;
				IPHONEOS_DEPLOYMENT_TARGET = 12.1;
				MTL_ENABLE_DEBUG_INFO = INCLUDE_SOURCE;
				MTL_FAST_MATH = YES;
				ONLY_ACTIVE_ARCH = YES;
				SDKROOT = iphoneos;
				SWIFT_ACTIVE_COMPILATION_CONDITIONS = DEBUG;
				SWIFT_OPTIMIZATION_LEVEL = "-Onone";
			};
			name = Debug;
		};
		EDA968FC21C1A5D900929294 /* Release */ = {
			isa = XCBuildConfiguration;
			buildSettings = {
				ALWAYS_SEARCH_USER_PATHS = NO;
				CLANG_ANALYZER_NONNULL = YES;
				CLANG_ANALYZER_NUMBER_OBJECT_CONVERSION = YES_AGGRESSIVE;
				CLANG_CXX_LANGUAGE_STANDARD = "gnu++14";
				CLANG_CXX_LIBRARY = "libc++";
				CLANG_ENABLE_MODULES = YES;
				CLANG_ENABLE_OBJC_ARC = YES;
				CLANG_ENABLE_OBJC_WEAK = YES;
				CLANG_WARN_BLOCK_CAPTURE_AUTORELEASING = YES;
				CLANG_WARN_BOOL_CONVERSION = YES;
				CLANG_WARN_COMMA = YES;
				CLANG_WARN_CONSTANT_CONVERSION = YES;
				CLANG_WARN_DEPRECATED_OBJC_IMPLEMENTATIONS = YES;
				CLANG_WARN_DIRECT_OBJC_ISA_USAGE = YES_ERROR;
				CLANG_WARN_DOCUMENTATION_COMMENTS = YES;
				CLANG_WARN_EMPTY_BODY = YES;
				CLANG_WARN_ENUM_CONVERSION = YES;
				CLANG_WARN_INFINITE_RECURSION = YES;
				CLANG_WARN_INT_CONVERSION = YES;
				CLANG_WARN_NON_LITERAL_NULL_CONVERSION = YES;
				CLANG_WARN_OBJC_IMPLICIT_RETAIN_SELF = YES;
				CLANG_WARN_OBJC_LITERAL_CONVERSION = YES;
				CLANG_WARN_OBJC_ROOT_CLASS = YES_ERROR;
				CLANG_WARN_RANGE_LOOP_ANALYSIS = YES;
				CLANG_WARN_STRICT_PROTOTYPES = YES;
				CLANG_WARN_SUSPICIOUS_MOVE = YES;
				CLANG_WARN_UNGUARDED_AVAILABILITY = YES_AGGRESSIVE;
				CLANG_WARN_UNREACHABLE_CODE = YES;
				CLANG_WARN__DUPLICATE_METHOD_MATCH = YES;
				CODE_SIGN_IDENTITY = "iPhone Developer";
				COPY_PHASE_STRIP = NO;
				DEBUG_INFORMATION_FORMAT = "dwarf-with-dsym";
				ENABLE_NS_ASSERTIONS = NO;
				ENABLE_STRICT_OBJC_MSGSEND = YES;
				GCC_C_LANGUAGE_STANDARD = gnu11;
				GCC_NO_COMMON_BLOCKS = YES;
				GCC_WARN_64_TO_32_BIT_CONVERSION = YES;
				GCC_WARN_ABOUT_RETURN_TYPE = YES_ERROR;
				GCC_WARN_UNDECLARED_SELECTOR = YES;
				GCC_WARN_UNINITIALIZED_AUTOS = YES_AGGRESSIVE;
				GCC_WARN_UNUSED_FUNCTION = YES;
				GCC_WARN_UNUSED_VARIABLE = YES;
				IPHONEOS_DEPLOYMENT_TARGET = 12.1;
				MTL_ENABLE_DEBUG_INFO = NO;
				MTL_FAST_MATH = YES;
				SDKROOT = iphoneos;
				SWIFT_COMPILATION_MODE = wholemodule;
				SWIFT_OPTIMIZATION_LEVEL = "-O";
				VALIDATE_PRODUCT = YES;
			};
			name = Release;
		};
		EDA968FE21C1A5D900929294 /* Debug */ = {
			isa = XCBuildConfiguration;
			buildSettings = {
				ASSETCATALOG_COMPILER_APPICON_NAME = AppIcon;
				CODE_SIGN_STYLE = Automatic;
				DEVELOPMENT_TEAM = H69U55MWXW;
				INFOPLIST_FILE = BasicUserDefaults/Info.plist;
				LD_RUNPATH_SEARCH_PATHS = (
					"$(inherited)",
					"@executable_path/Frameworks",
				);
				PRODUCT_BUNDLE_IDENTIFIER = co.seanallen.BasicUserDefaults;
				PRODUCT_NAME = "$(TARGET_NAME)";
				SWIFT_VERSION = 5.0;
				TARGETED_DEVICE_FAMILY = "1,2";
			};
			name = Debug;
		};
		EDA968FF21C1A5D900929294 /* Release */ = {
			isa = XCBuildConfiguration;
			buildSettings = {
				ASSETCATALOG_COMPILER_APPICON_NAME = AppIcon;
				CODE_SIGN_STYLE = Automatic;
				DEVELOPMENT_TEAM = H69U55MWXW;
				INFOPLIST_FILE = BasicUserDefaults/Info.plist;
				LD_RUNPATH_SEARCH_PATHS = (
					"$(inherited)",
					"@executable_path/Frameworks",
				);
				PRODUCT_BUNDLE_IDENTIFIER = co.seanallen.BasicUserDefaults;
				PRODUCT_NAME = "$(TARGET_NAME)";
				SWIFT_VERSION = 5.0;
				TARGETED_DEVICE_FAMILY = "1,2";
			};
			name = Release;
		};
/* End XCBuildConfiguration section */

/* Begin XCConfigurationList section */
		EDA968E621C1A5D800929294 /* Build configuration list for PBXProject "BasicUserDefaults" */ = {
			isa = XCConfigurationList;
			buildConfigurations = (
				EDA968FB21C1A5D900929294 /* Debug */,
				EDA968FC21C1A5D900929294 /* Release */,
			);
			defaultConfigurationIsVisible = 0;
			defaultConfigurationName = Release;
		};
		EDA968FD21C1A5D900929294 /* Build configuration list for PBXNativeTarget "BasicUserDefaults" */ = {
			isa = XCConfigurationList;
			buildConfigurations = (
				EDA968FE21C1A5D900929294 /* Debug */,
				EDA968FF21C1A5D900929294 /* Release */,
			);
			defaultConfigurationIsVisible = 0;
			defaultConfigurationName = Release;
		};
/* End XCConfigurationList section */
	};
	rootObject = EDA968E321C1A5D800929294 /* Project object */;
}
